
Microsoft Visual Studio Solution File, Format Version 12.00
# Visual Studio Version 16
VisualStudioVersion = 16.0.29905.134
MinimumVisualStudioVersion = 10.0.40219.1
Project("{FAE04EC0-301F-11D3-BF4B-00C04F79EFBC}") = "MiniSequencer", "MiniSequencer.csproj", "{B5E60EF7-0590-4B5A-B54C-B952B0FB0647}"
EndProject
Global
	GlobalSection(SolutionConfigurationPlatforms) = preSolution
		Debug|Any CPU = Debug|Any CPU
		Release|Any CPU = Release|Any CPU
	EndGlobalSection
	GlobalSection(ProjectConfigurationPlatforms) = postSolution
		{B5E60EF7-0590-4B5A-B54C-B952B0FB0647}.Debug|Any CPU.ActiveCfg = Debug|Any CPU
		{B5E60EF7-0590-4B5A-B54C-B952B0FB0647}.Debug|Any CPU.Build.0 = Debug|Any CPU
		{B5E60EF7-0590-4B5A-B54C-B952B0FB0647}.Release|Any CPU.ActiveCfg = Release|Any CPU
		{B5E60EF7-0590-4B5A-B54C-B952B0FB0647}.Release|Any CPU.Build.0 = Release|Any CPU
	EndGlobalSection
	GlobalSection(SolutionProperties) = preSolution
		HideSolutionNode = FALSE
	EndGlobalSection
	GlobalSection(ExtensibilityGlobals) = postSolution
		SolutionGuid = {2E8C881C-6311-4FD5-85AF-DE03A759320C}
	EndGlobalSection
EndGlobal
